
Microsoft Visual Studio Solution File, Format Version 12.00
# Visual Studio Version 16
VisualStudioVersion = 16.0.31729.503
MinimumVisualStudioVersion = 10.0.40219.1
Project("{FAE04EC0-301F-11D3-BF4B-00C04F79EFBC}") = "TYIT2021_PRAC_1D_iv", "TYIT2021_PRAC_1D_iv.csproj", "{08317C6A-A19C-4D24-96CF-1F1C311033AF}"
EndProject
Global
	GlobalSection(SolutionConfigurationPlatforms) = preSolution
		Debug|Any CPU = Debug|Any CPU
		Release|Any CPU = Release|Any CPU
	EndGlobalSection
	GlobalSection(ProjectConfigurationPlatforms) = postSolution
		{08317C6A-A19C-4D24-96CF-1F1C311033AF}.Debug|Any CPU.ActiveCfg = Debug|Any CPU
		{08317C6A-A19C-4D24-96CF-1F1C311033AF}.Debug|Any CPU.Build.0 = Debug|Any CPU
		{08317C6A-A19C-4D24-96CF-1F1C311033AF}.Release|Any CPU.ActiveCfg = Release|Any CPU
		{08317C6A-A19C-4D24-96CF-1F1C311033AF}.Release|Any CPU.Build.0 = Release|Any CPU
	EndGlobalSection
	GlobalSection(SolutionProperties) = preSolution
		HideSolutionNode = FALSE
	EndGlobalSection
	GlobalSection(ExtensibilityGlobals) = postSolution
		SolutionGuid = {FA6F201E-4872-4DF4-AC0D-18B29D573C5F}
	EndGlobalSection
EndGlobal
