
Microsoft Visual Studio Solution File, Format Version 12.00
# Visual Studio Version 16
VisualStudioVersion = 16.0.31729.503
MinimumVisualStudioVersion = 10.0.40219.1
Project("{FAE04EC0-301F-11D3-BF4B-00C04F79EFBC}") = "TYIT2021_PRAC_2A_i", "TYIT2021_PRAC_2A_i.csproj", "{6D68D8BF-4ECD-4DE3-AF07-2233F6B77525}"
EndProject
Global
	GlobalSection(SolutionConfigurationPlatforms) = preSolution
		Debug|Any CPU = Debug|Any CPU
		Release|Any CPU = Release|Any CPU
	EndGlobalSection
	GlobalSection(ProjectConfigurationPlatforms) = postSolution
		{6D68D8BF-4ECD-4DE3-AF07-2233F6B77525}.Debug|Any CPU.ActiveCfg = Debug|Any CPU
		{6D68D8BF-4ECD-4DE3-AF07-2233F6B77525}.Debug|Any CPU.Build.0 = Debug|Any CPU
		{6D68D8BF-4ECD-4DE3-AF07-2233F6B77525}.Release|Any CPU.ActiveCfg = Release|Any CPU
		{6D68D8BF-4ECD-4DE3-AF07-2233F6B77525}.Release|Any CPU.Build.0 = Release|Any CPU
	EndGlobalSection
	GlobalSection(SolutionProperties) = preSolution
		HideSolutionNode = FALSE
	EndGlobalSection
	GlobalSection(ExtensibilityGlobals) = postSolution
		SolutionGuid = {9611DBB5-BCB2-47EE-B9B3-B6FEEB8549A4}
	EndGlobalSection
EndGlobal
