
Microsoft Visual Studio Solution File, Format Version 12.00
# Visual Studio Version 16
VisualStudioVersion = 16.0.31729.503
MinimumVisualStudioVersion = 10.0.40219.1
Project("{FAE04EC0-301F-11D3-BF4B-00C04F79EFBC}") = "TYIT2021_PRAC_1D_i", "TYIT2021_PRAC_1D_i.csproj", "{0906E28F-1DC8-4404-BDEB-A9C7053A8332}"
EndProject
Global
	GlobalSection(SolutionConfigurationPlatforms) = preSolution
		Debug|Any CPU = Debug|Any CPU
		Release|Any CPU = Release|Any CPU
	EndGlobalSection
	GlobalSection(ProjectConfigurationPlatforms) = postSolution
		{0906E28F-1DC8-4404-BDEB-A9C7053A8332}.Debug|Any CPU.ActiveCfg = Debug|Any CPU
		{0906E28F-1DC8-4404-BDEB-A9C7053A8332}.Debug|Any CPU.Build.0 = Debug|Any CPU
		{0906E28F-1DC8-4404-BDEB-A9C7053A8332}.Release|Any CPU.ActiveCfg = Release|Any CPU
		{0906E28F-1DC8-4404-BDEB-A9C7053A8332}.Release|Any CPU.Build.0 = Release|Any CPU
	EndGlobalSection
	GlobalSection(SolutionProperties) = preSolution
		HideSolutionNode = FALSE
	EndGlobalSection
	GlobalSection(ExtensibilityGlobals) = postSolution
		SolutionGuid = {B8C39DF4-BB6D-4DD9-ADD1-8EC1A6731B0C}
	EndGlobalSection
EndGlobal
