
Microsoft Visual Studio Solution File, Format Version 12.00
# Visual Studio Version 16
VisualStudioVersion = 16.0.31729.503
MinimumVisualStudioVersion = 10.0.40219.1
Project("{FAE04EC0-301F-11D3-BF4B-00C04F79EFBC}") = "TYIT2021_PRAC_1A", "TYIT2021_PRAC_1A.csproj", "{EE406F77-8873-4F79-8F91-721F9AEB28A1}"
EndProject
Global
	GlobalSection(SolutionConfigurationPlatforms) = preSolution
		Debug|Any CPU = Debug|Any CPU
		Release|Any CPU = Release|Any CPU
	EndGlobalSection
	GlobalSection(ProjectConfigurationPlatforms) = postSolution
		{EE406F77-8873-4F79-8F91-721F9AEB28A1}.Debug|Any CPU.ActiveCfg = Debug|Any CPU
		{EE406F77-8873-4F79-8F91-721F9AEB28A1}.Debug|Any CPU.Build.0 = Debug|Any CPU
		{EE406F77-8873-4F79-8F91-721F9AEB28A1}.Release|Any CPU.ActiveCfg = Release|Any CPU
		{EE406F77-8873-4F79-8F91-721F9AEB28A1}.Release|Any CPU.Build.0 = Release|Any CPU
	EndGlobalSection
	GlobalSection(SolutionProperties) = preSolution
		HideSolutionNode = FALSE
	EndGlobalSection
	GlobalSection(ExtensibilityGlobals) = postSolution
		SolutionGuid = {BB655B93-2652-4C95-8AB7-00685291696C}
	EndGlobalSection
EndGlobal
