
Microsoft Visual Studio Solution File, Format Version 12.00
# Visual Studio Version 16
VisualStudioVersion = 16.0.31729.503
MinimumVisualStudioVersion = 10.0.40219.1
Project("{FAE04EC0-301F-11D3-BF4B-00C04F79EFBC}") = "TYIT2021_PRAC_1D_ii", "TYIT2021_PRAC_1D_ii.csproj", "{6FC4ED0B-636A-46E6-9124-6AFAA0CDCAA6}"
EndProject
Global
	GlobalSection(SolutionConfigurationPlatforms) = preSolution
		Debug|Any CPU = Debug|Any CPU
		Release|Any CPU = Release|Any CPU
	EndGlobalSection
	GlobalSection(ProjectConfigurationPlatforms) = postSolution
		{6FC4ED0B-636A-46E6-9124-6AFAA0CDCAA6}.Debug|Any CPU.ActiveCfg = Debug|Any CPU
		{6FC4ED0B-636A-46E6-9124-6AFAA0CDCAA6}.Debug|Any CPU.Build.0 = Debug|Any CPU
		{6FC4ED0B-636A-46E6-9124-6AFAA0CDCAA6}.Release|Any CPU.ActiveCfg = Release|Any CPU
		{6FC4ED0B-636A-46E6-9124-6AFAA0CDCAA6}.Release|Any CPU.Build.0 = Release|Any CPU
	EndGlobalSection
	GlobalSection(SolutionProperties) = preSolution
		HideSolutionNode = FALSE
	EndGlobalSection
	GlobalSection(ExtensibilityGlobals) = postSolution
		SolutionGuid = {9848B069-8C0B-448A-BB1A-BC33389B3B0F}
	EndGlobalSection
EndGlobal
